lockfileVersion: '6.0'

settings:
  autoInstallPeers: true
  excludeLinksFromLockfile: false

devDependencies:
  '@grafbase/sdk':
    specifier: ~0.16.0
    version: 0.16.0
  '@types/node':
    specifier: ^20.11.6
    version: 20.11.6

packages:

  /@grafbase/sdk@0.16.0:
    resolution: {integrity: sha512-z+FW7Xk+orqg6s6j6OJjPyeY7Nd2DAYkDer9An7kMuDZVnF+xgkWRA18j6lPRFzEloBWWktSR7P9zu1z9G/XaQ==}
    engines: {node: '>=16.13.0'}
    dependencies:
      dotenv: 16.4.0
      type-fest: 3.13.1
    dev: true

  /@types/node@20.11.6:
    resolution: {integrity: sha512-+EOokTnksGVgip2PbYbr3xnR7kZigh4LbybAfBAw5BpnQ+FqBYUsvCEjYd70IXKlbohQ64mzEYmMtlWUY8q//Q==}
    dependencies:
      undici-types: 5.26.5
    dev: true

  /dotenv@16.4.0:
    resolution: {integrity: sha512-WvImr5kpN5NGNn7KaDjJnLTh5rDVLZiDf/YLA8T1ZEZEBZNEDOE+mnkS0PVjPax8ZxBP5zC5SLMB3/9VV5de9g==}
    engines: {node: '>=12'}
    dev: true

  /type-fest@3.13.1:
    resolution: {integrity: sha512-tLq3bSNx+xSpwvAJnzrK0Ep5CLNWjvFTOp71URMaAEWBfRb9nnJiBoUe0tF8bI4ZFO3omgBR6NvnbzVUT3Ly4g==}
    engines: {node: '>=14.16'}
    dev: true

  /undici-types@5.26.5:
    resolution: {integrity: sha512-JlCMO+ehdEIKqlFxk6IfVoAUVmgz7cU7zD/h9XZ0qzeosSHmUJVOzSQvvYSYWXkFXC+IfLKSIffhv0sVZup6pA==}
    dev: true
